// !$*UTF8*$!
{
	archiveVersion = 1;
	classes = {
	};
	objectVersion = 56;
	objects = {

/* Begin PBXBuildFile section */
		62816DE12BB9A7C200D51B84 /* AppDelegate.swift in Sources */ = {isa = PBXBuildFile; fileRef = 62816DE02BB9A7C200D51B84 /* AppDelegate.swift */; };
		62816DE32BB9A7C200D51B84 /* SceneDelegate.swift in Sources */ = {isa = PBXBuildFile; fileRef = 62816DE22BB9A7C200D51B84 /* SceneDelegate.swift */; };
		62816DE52BB9A7C200D51B84 /* ViewController.swift in Sources */ = {isa = PBXBuildFile; fileRef = 62816DE42BB9A7C200D51B84 /* ViewController.swift */; };
		62816DE82BB9A7C200D51B84 /* Base in Resources */ = {isa = PBXBuildFile; fileRef = 62816DE72BB9A7C200D51B84 /* Base */; };
		62816DEB2BB9A7C200D51B84 /* Climate_Cow.xcdatamodeld in Sources */ = {isa = PBXBuildFile; fileRef = 62816DE92BB9A7C200D51B84 /* Climate_Cow.xcdatamodeld */; };
		62816DED2BB9A7C400D51B84 /* Assets.xcassets in Resources */ = {isa = PBXBuildFile; fileRef = 62816DEC2BB9A7C400D51B84 /* Assets.xcassets */; };
		62816DF02BB9A7C400D51B84 /* Base in Resources */ = {isa = PBXBuildFile; fileRef = 62816DEF2BB9A7C400D51B84 /* Base */; };
		62816DFB2BB9A7C400D51B84 /* Climate_CowTests.swift in Sources */ = {isa = PBXBuildFile; fileRef = 62816DFA2BB9A7C400D51B84 /* Climate_CowTests.swift */; };
		62816E052BB9A7C400D51B84 /* Climate_CowUITests.swift in Sources */ = {isa = PBXBuildFile; fileRef = 62816E042BB9A7C400D51B84 /* Climate_CowUITests.swift */; };
		62816E072BB9A7C400D51B84 /* Climate_CowUITestsLaunchTests.swift in Sources */ = {isa = PBXBuildFile; fileRef = 62816E062BB9A7C400D51B84 /* Climate_CowUITestsLaunchTests.swift */; };
/* End PBXBuildFile section */

/* Begin PBXContainerItemProxy section */
		62816DF72BB9A7C400D51B84 /* PBXContainerItemProxy */ = {
			isa = PBXContainerItemProxy;
			containerPortal = 62816DD52BB9A7C200D51B84 /* Project object */;
			proxyType = 1;
			remoteGlobalIDString = 62816DDC2BB9A7C200D51B84;
			remoteInfo = "Climate Cow";
		};
		62816E012BB9A7C400D51B84 /* PBXContainerItemProxy */ = {
			isa = PBXContainerItemProxy;
			containerPortal = 62816DD52BB9A7C200D51B84 /* Project object */;
			proxyType = 1;
			remoteGlobalIDString = 62816DDC2BB9A7C200D51B84;
			remoteInfo = "Climate Cow";
		};
/* End PBXContainerItemProxy section */

/* Begin PBXFileReference section */
		62816DDD2BB9A7C200D51B84 /* Climate Cow.app */ = {isa = PBXFileReference; explicitFileType = wrapper.application; includeInIndex = 0; path = "Climate Cow.app"; sourceTree = BUILT_PRODUCTS_DIR; };
		62816DE02BB9A7C200D51B84 /* AppDelegate.swift */ = {isa = PBXFileReference; lastKnownFileType = sourcecode.swift; path = AppDelegate.swift; sourceTree = "<group>"; };
		62816DE22BB9A7C200D51B84 /* SceneDelegate.swift */ = {isa = PBXFileReference; lastKnownFileType = sourcecode.swift; path = SceneDelegate.swift; sourceTree = "<group>"; };
		62816DE42BB9A7C200D51B84 /* ViewController.swift */ = {isa = PBXFileReference; lastKnownFileType = sourcecode.swift; path = ViewController.swift; sourceTree = "<group>"; };
		62816DE72BB9A7C200D51B84 /* Base */ = {isa = PBXFileReference; lastKnownFileType = file.storyboard; name = Base; path = Base.lproj/Main.storyboard; sourceTree = "<group>"; };
		62816DEA2BB9A7C200D51B84 /* Climate_Cow.xcdatamodel */ = {isa = PBXFileReference; lastKnownFileType = wrapper.xcdatamodel; path = Climate_Cow.xcdatamodel; sourceTree = "<group>"; };
		62816DEC2BB9A7C400D51B84 /* Assets.xcassets */ = {isa = PBXFileReference; lastKnownFileType = folder.assetcatalog; path = Assets.xcassets; sourceTree = "<group>"; };
		62816DEF2BB9A7C400D51B84 /* Base */ = {isa = PBXFileReference; lastKnownFileType = file.storyboard; name = Base; path = Base.lproj/LaunchScreen.storyboard; sourceTree = "<group>"; };
		62816DF12BB9A7C400D51B84 /* Info.plist */ = {isa = PBXFileReference; lastKnownFileType = text.plist.xml; path = Info.plist; sourceTree = "<group>"; };
		62816DF62BB9A7C400D51B84 /* Climate CowTests.xctest */ = {isa = PBXFileReference; explicitFileType = wrapper.cfbundle; includeInIndex = 0; path = "Climate CowTests.xctest"; sourceTree = BUILT_PRODUCTS_DIR; };
		62816DFA2BB9A7C400D51B84 /* Climate_CowTests.swift */ = {isa = PBXFileReference; lastKnownFileType = sourcecode.swift; path = Climate_CowTests.swift; sourceTree = "<group>"; };
		62816E002BB9A7C400D51B84 /* Climate CowUITests.xctest */ = {isa = PBXFileReference; explicitFileType = wrapper.cfbundle; includeInIndex = 0; path = "Climate CowUITests.xctest"; sourceTree = BUILT_PRODUCTS_DIR; };
		62816E042BB9A7C400D51B84 /* Climate_CowUITests.swift */ = {isa = PBXFileReference; lastKnownFileType = sourcecode.swift; path = Climate_CowUITests.swift; sourceTree = "<group>"; };
		62816E062BB9A7C400D51B84 /* Climate_CowUITestsLaunchTests.swift */ = {isa = PBXFileReference; lastKnownFileType = sourcecode.swift; path = Climate_CowUITestsLaunchTests.swift; sourceTree = "<group>"; };
/* End PBXFileReference section */

/* Begin PBXFrameworksBuildPhase section */
		62816DDA2BB9A7C200D51B84 /* Frameworks */ = {
			isa = PBXFrameworksBuildPhase;
			buildActionMask = 2147483647;
			files = (
			);
			runOnlyForDeploymentPostprocessing = 0;
		};
		62816DF32BB9A7C400D51B84 /* Frameworks */ = {
			isa = PBXFrameworksBuildPhase;
			buildActionMask = 2147483647;
			files = (
			);
			runOnlyForDeploymentPostprocessing = 0;
		};
		62816DFD2BB9A7C400D51B84 /* Frameworks */ = {
			isa = PBXFrameworksBuildPhase;
			buildActionMask = 2147483647;
			files = (
			);
			runOnlyForDeploymentPostprocessing = 0;
		};
/* End PBXFrameworksBuildPhase section */

/* Begin PBXGroup section */
		62816DD42BB9A7C200D51B84 = {
			isa = PBXGroup;
			children = (
				62816DDF2BB9A7C200D51B84 /* Climate Cow */,
				62816DF92BB9A7C400D51B84 /* Climate CowTests */,
				62816E032BB9A7C400D51B84 /* Climate CowUITests */,
				62816DDE2BB9A7C200D51B84 /* Products */,
			);
			sourceTree = "<group>";
		};
		62816DDE2BB9A7C200D51B84 /* Products */ = {
			isa = PBXGroup;
			children = (
				62816DDD2BB9A7C200D51B84 /* Climate Cow.app */,
				62816DF62BB9A7C400D51B84 /* Climate CowTests.xctest */,
				62816E002BB9A7C400D51B84 /* Climate CowUITests.xctest */,
			);
			name = Products;
			sourceTree = "<group>";
		};
		62816DDF2BB9A7C200D51B84 /* Climate Cow */ = {
			isa = PBXGroup;
			children = (
				62816DE02BB9A7C200D51B84 /* AppDelegate.swift */,
				62816DE22BB9A7C200D51B84 /* SceneDelegate.swift */,
				62816DE42BB9A7C200D51B84 /* ViewController.swift */,
				62816DE62BB9A7C200D51B84 /* Main.storyboard */,
				62816DEC2BB9A7C400D51B84 /* Assets.xcassets */,
				62816DEE2BB9A7C400D51B84 /* LaunchScreen.storyboard */,
				62816DF12BB9A7C400D51B84 /* Info.plist */,
				62816DE92BB9A7C200D51B84 /* Climate_Cow.xcdatamodeld */,
			);
			path = "Climate Cow";
			sourceTree = "<group>";
		};
		62816DF92BB9A7C400D51B84 /* Climate CowTests */ = {
			isa = PBXGroup;
			children = (
				62816DFA2BB9A7C400D51B84 /* Climate_CowTests.swift */,
			);
			path = "Climate CowTests";
			sourceTree = "<group>";
		};
		62816E032BB9A7C400D51B84 /* Climate CowUITests */ = {
			isa = PBXGroup;
			children = (
				62816E042BB9A7C400D51B84 /* Climate_CowUITests.swift */,
				62816E062BB9A7C400D51B84 /* Climate_CowUITestsLaunchTests.swift */,
			);
			path = "Climate CowUITests";
			sourceTree = "<group>";
		};
/* End PBXGroup section */

/* Begin PBXNativeTarget section */
		62816DDC2BB9A7C200D51B84 /* Climate Cow */ = {
			isa = PBXNativeTarget;
			buildConfigurationList = 62816E0A2BB9A7C400D51B84 /* Build configuration list for PBXNativeTarget "Climate Cow" */;
			buildPhases = (
				62816DD92BB9A7C200D51B84 /* Sources */,
				62816DDA2BB9A7C200D51B84 /* Frameworks */,
				62816DDB2BB9A7C200D51B84 /* Resources */,
			);
			buildRules = (
			);
			dependencies = (
			);
			name = "Climate Cow";
			productName = "Climate Cow";
			productReference = 62816DDD2BB9A7C200D51B84 /* Climate Cow.app */;
			productType = "com.apple.product-type.application";
		};
		62816DF52BB9A7C400D51B84 /* Climate CowTests */ = {
			isa = PBXNativeTarget;
			buildConfigurationList = 62816E0D2BB9A7C400D51B84 /* Build configuration list for PBXNativeTarget "Climate CowTests" */;
			buildPhases = (
				62816DF22BB9A7C400D51B84 /* Sources */,
				62816DF32BB9A7C400D51B84 /* Frameworks */,
				62816DF42BB9A7C400D51B84 /* Resources */,
			);
			buildRules = (
			);
			dependencies = (
				62816DF82BB9A7C400D51B84 /* PBXTargetDependency */,
			);
			name = "Climate CowTests";
			productName = "Climate CowTests";
			productReference = 62816DF62BB9A7C400D51B84 /* Climate CowTests.xctest */;
			productType = "com.apple.product-type.bundle.unit-test";
		};
		62816DFF2BB9A7C400D51B84 /* Climate CowUITests */ = {
			isa = PBXNativeTarget;
			buildConfigurationList = 62816E102BB9A7C400D51B84 /* Build configuration list for PBXNativeTarget "Climate CowUITests" */;
			buildPhases = (
				62816DFC2BB9A7C400D51B84 /* Sources */,
				62816DFD2BB9A7C400D51B84 /* Frameworks */,
				62816DFE2BB9A7C400D51B84 /* Resources */,
			);
			buildRules = (
			);
			dependencies = (
				62816E022BB9A7C400D51B84 /* PBXTargetDependency */,
			);
			name = "Climate CowUITests";
			productName = "Climate CowUITests";
			productReference = 62816E002BB9A7C400D51B84 /* Climate CowUITests.xctest */;
			productType = "com.apple.product-type.bundle.ui-testing";
		};
/* End PBXNativeTarget section */

/* Begin PBXProject section */
		62816DD52BB9A7C200D51B84 /* Project object */ = {
			isa = PBXProject;
			attributes = {
				BuildIndependentTargetsInParallel = 1;
				LastSwiftUpdateCheck = 1530;
				LastUpgradeCheck = 1530;
				TargetAttributes = {
					62816DDC2BB9A7C200D51B84 = {
						CreatedOnToolsVersion = 15.3;
					};
					62816DF52BB9A7C400D51B84 = {
						CreatedOnToolsVersion = 15.3;
						TestTargetID = 62816DDC2BB9A7C200D51B84;
					};
					62816DFF2BB9A7C400D51B84 = {
						CreatedOnToolsVersion = 15.3;
						TestTargetID = 62816DDC2BB9A7C200D51B84;
					};
				};
			};
			buildConfigurationList = 62816DD82BB9A7C200D51B84 /* Build configuration list for PBXProject "Climate Cow" */;
			compatibilityVersion = "Xcode 14.0";
			developmentRegion = en;
			hasScannedForEncodings = 0;
			knownRegions = (
				en,
				Base,
			);
			mainGroup = 62816DD42BB9A7C200D51B84;
			productRefGroup = 62816DDE2BB9A7C200D51B84 /* Products */;
			projectDirPath = "";
			projectRoot = "";
			targets = (
				62816DDC2BB9A7C200D51B84 /* Climate Cow */,
				62816DF52BB9A7C400D51B84 /* Climate CowTests */,
				62816DFF2BB9A7C400D51B84 /* Climate CowUITests */,
			);
		};
/* End PBXProject section */

/* Begin PBXResourcesBuildPhase section */
		62816DDB2BB9A7C200D51B84 /* Resources */ = {
			isa = PBXResourcesBuildPhase;
			buildActionMask = 2147483647;
			files = (
				62816DED2BB9A7C400D51B84 /* Assets.xcassets in Resources */,
				62816DF02BB9A7C400D51B84 /* Base in Resources */,
				62816DE82BB9A7C200D51B84 /* Base in Resources */,
			);
			runOnlyForDeploymentPostprocessing = 0;
		};
		62816DF42BB9A7C400D51B84 /* Resources */ = {
			isa = PBXResourcesBuildPhase;
			buildActionMask = 2147483647;
			files = (
			);
			runOnlyForDeploymentPostprocessing = 0;
		};
		62816DFE2BB9A7C400D51B84 /* Resources */ = {
			isa = PBXResourcesBuildPhase;
			buildActionMask = 2147483647;
			files = (
			);
			runOnlyForDeploymentPostprocessing = 0;
		};
/* End PBXResourcesBuildPhase section */

/* Begin PBXSourcesBuildPhase section */
		62816DD92BB9A7C200D51B84 /* Sources */ = {
			isa = PBXSourcesBuildPhase;
			buildActionMask = 2147483647;
			files = (
				62816DE52BB9A7C200D51B84 /* ViewController.swift in Sources */,
				62816DE12BB9A7C200D51B84 /* AppDelegate.swift in Sources */,
				62816DE32BB9A7C200D51B84 /* SceneDelegate.swift in Sources */,
				62816DEB2BB9A7C200D51B84 /* Climate_Cow.xcdatamodeld in Sources */,
			);
			runOnlyForDeploymentPostprocessing = 0;
		};
		62816DF22BB9A7C400D51B84 /* Sources */ = {
			isa = PBXSourcesBuildPhase;
			buildActionMask = 2147483647;
			files = (
				62816DFB2BB9A7C400D51B84 /* Climate_CowTests.swift in Sources */,
			);
			runOnlyForDeploymentPostprocessing = 0;
		};
		62816DFC2BB9A7C400D51B84 /* Sources */ = {
			isa = PBXSourcesBuildPhase;
			buildActionMask = 2147483647;
			files = (
				62816E072BB9A7C400D51B84 /* Climate_CowUITestsLaunchTests.swift in Sources */,
				62816E052BB9A7C400D51B84 /* Climate_CowUITests.swift in Sources */,
			);
			runOnlyForDeploymentPostprocessing = 0;
		};
/* End PBXSourcesBuildPhase section */

/* Begin PBXTargetDependency section */
		62816DF82BB9A7C400D51B84 /* PBXTargetDependency */ = {
			isa = PBXTargetDependency;
			target = 62816DDC2BB9A7C200D51B84 /* Climate Cow */;
			targetProxy = 62816DF72BB9A7C400D51B84 /* PBXContainerItemProxy */;
		};
		62816E022BB9A7C400D51B84 /* PBXTargetDependency */ = {
			isa = PBXTargetDependency;
			target = 62816DDC2BB9A7C200D51B84 /* Climate Cow */;
			targetProxy = 62816E012BB9A7C400D51B84 /* PBXContainerItemProxy */;
		};
/* End PBXTargetDependency section */

/* Begin PBXVariantGroup section */
		62816DE62BB9A7C200D51B84 /* Main.storyboard */ = {
			isa = PBXVariantGroup;
			children = (
				62816DE72BB9A7C200D51B84 /* Base */,
			);
			name = Main.storyboard;
			sourceTree = "<group>";
		};
		62816DEE2BB9A7C400D51B84 /* LaunchScreen.storyboard */ = {
			isa = PBXVariantGroup;
			children = (
				62816DEF2BB9A7C400D51B84 /* Base */,
			);
			name = LaunchScreen.storyboard;
			sourceTree = "<group>";
		};
/* End PBXVariantGroup section */

/* Begin XCBuildConfiguration section */
		62816E082BB9A7C400D51B84 /* Debug */ = {
			isa = XCBuildConfiguration;
			buildSettings = {
				ALWAYS_SEARCH_USER_PATHS = NO;
				ASSETCATALOG_COMPILER_GENERATE_SWIFT_ASSET_SYMBOL_EXTENSIONS = YES;
				CLANG_ANALYZER_NONNULL = YES;
				CLANG_ANALYZER_NUMBER_OBJECT_CONVERSION = YES_AGGRESSIVE;
				CLANG_CXX_LANGUAGE_STANDARD = "gnu++20";
				CLANG_ENABLE_MODULES = YES;
				CLANG_ENABLE_OBJC_ARC = YES;
				CLANG_ENABLE_OBJC_WEAK = YES;
				CLANG_WARN_BLOCK_CAPTURE_AUTORELEASING = YES;
				CLANG_WARN_BOOL_CONVERSION = YES;
				CLANG_WARN_COMMA = YES;
				CLANG_WARN_CONSTANT_CONVERSION = YES;
				CLANG_WARN_DEPRECATED_OBJC_IMPLEMENTATIONS = YES;
				CLANG_WARN_DIRECT_OBJC_ISA_USAGE = YES_ERROR;
				CLANG_WARN_DOCUMENTATION_COMMENTS = YES;
				CLANG_WARN_EMPTY_BODY = YES;
				CLANG_WARN_ENUM_CONVERSION = YES;
				CLANG_WARN_INFINITE_RECURSION = YES;
				CLANG_WARN_INT_CONVERSION = YES;
				CLANG_WARN_NON_LITERAL_NULL_CONVERSION = YES;
				CLANG_WARN_OBJC_IMPLICIT_RETAIN_SELF = YES;
				CLANG_WARN_OBJC_LITERAL_CONVERSION = YES;
				CLANG_WARN_OBJC_ROOT_CLASS = YES_ERROR;
				CLANG_WARN_QUOTED_INCLUDE_IN_FRAMEWORK_HEADER = YES;
				CLANG_WARN_RANGE_LOOP_ANALYSIS = YES;
				CLANG_WARN_STRICT_PROTOTYPES = YES;
				CLANG_WARN_SUSPICIOUS_MOVE = YES;
				CLANG_WARN_UNGUARDED_AVAILABILITY = YES_AGGRESSIVE;
				CLANG_WARN_UNREACHABLE_CODE = YES;
				CLANG_WARN__DUPLICATE_METHOD_MATCH = YES;
				COPY_PHASE_STRIP = NO;
				DEBUG_INFORMATION_FORMAT = dwarf;
				ENABLE_STRICT_OBJC_MSGSEND = YES;
				ENABLE_TESTABILITY = YES;
				ENABLE_USER_SCRIPT_SANDBOXING = YES;
				GCC_C_LANGUAGE_STANDARD = gnu17;
				GCC_DYNAMIC_NO_PIC = NO;
				GCC_NO_COMMON_BLOCKS = YES;
				GCC_OPTIMIZATION_LEVEL = 0;
				GCC_PREPROCESSOR_DEFINITIONS = (
					"DEBUG=1",
					"$(inherited)",
				);
				GCC_WARN_64_TO_32_BIT_CONVERSION = YES;
				GCC_WARN_ABOUT_RETURN_TYPE = YES_ERROR;
				GCC_WARN_UNDECLARED_SELECTOR = YES;
				GCC_WARN_UNINITIALIZED_AUTOS = YES_AGGRESSIVE;
				GCC_WARN_UNUSED_FUNCTION = YES;
				GCC_WARN_UNUSED_VARIABLE = YES;
				IPHONEOS_DEPLOYMENT_TARGET = 17.4;
				LOCALIZATION_PREFERS_STRING_CATALOGS = YES;
				MTL_ENABLE_DEBUG_INFO = INCLUDE_SOURCE;
				MTL_FAST_MATH = YES;
				ONLY_ACTIVE_ARCH = YES;
				SDKROOT = iphoneos;
				SWIFT_ACTIVE_COMPILATION_CONDITIONS = "DEBUG $(inherited)";
				SWIFT_OPTIMIZATION_LEVEL = "-Onone";
			};
			name = Debug;
		};
		62816E092BB9A7C400D51B84 /* Release */ = {
			isa = XCBuildConfiguration;
			buildSettings = {
				ALWAYS_SEARCH_USER_PATHS = NO;
				ASSETCATALOG_COMPILER_GENERATE_SWIFT_ASSET_SYMBOL_EXTENSIONS = YES;
				CLANG_ANALYZER_NONNULL = YES;
				CLANG_ANALYZER_NUMBER_OBJECT_CONVERSION = YES_AGGRESSIVE;
				CLANG_CXX_LANGUAGE_STANDARD = "gnu++20";
				CLANG_ENABLE_MODULES = YES;
				CLANG_ENABLE_OBJC_ARC = YES;
				CLANG_ENABLE_OBJC_WEAK = YES;
				CLANG_WARN_BLOCK_CAPTURE_AUTORELEASING = YES;
				CLANG_WARN_BOOL_CONVERSION = YES;
				CLANG_WARN_COMMA = YES;
				CLANG_WARN_CONSTANT_CONVERSION = YES;
				CLANG_WARN_DEPRECATED_OBJC_IMPLEMENTATIONS = YES;
				CLANG_WARN_DIRECT_OBJC_ISA_USAGE = YES_ERROR;
				CLANG_WARN_DOCUMENTATION_COMMENTS = YES;
				CLANG_WARN_EMPTY_BODY = YES;
				CLANG_WARN_ENUM_CONVERSION = YES;
				CLANG_WARN_INFINITE_RECURSION = YES;
				CLANG_WARN_INT_CONVERSION = YES;
				CLANG_WARN_NON_LITERAL_NULL_CONVERSION = YES;
				CLANG_WARN_OBJC_IMPLICIT_RETAIN_SELF = YES;
				CLANG_WARN_OBJC_LITERAL_CONVERSION = YES;
				CLANG_WARN_OBJC_ROOT_CLASS = YES_ERROR;
				CLANG_WARN_QUOTED_INCLUDE_IN_FRAMEWORK_HEADER = YES;
				CLANG_WARN_RANGE_LOOP_ANALYSIS = YES;
				CLANG_WARN_STRICT_PROTOTYPES = YES;
				CLANG_WARN_SUSPICIOUS_MOVE = YES;
				CLANG_WARN_UNGUARDED_AVAILABILITY = YES_AGGRESSIVE;
				CLANG_WARN_UNREACHABLE_CODE = YES;
				CLANG_WARN__DUPLICATE_METHOD_MATCH = YES;
				COPY_PHASE_STRIP = NO;
				DEBUG_INFORMATION_FORMAT = "dwarf-with-dsym";
				ENABLE_NS_ASSERTIONS = NO;
				ENABLE_STRICT_OBJC_MSGSEND = YES;
				ENABLE_USER_SCRIPT_SANDBOXING = YES;
				GCC_C_LANGUAGE_STANDARD = gnu17;
				GCC_NO_COMMON_BLOCKS = YES;
				GCC_WARN_64_TO_32_BIT_CONVERSION = YES;
				GCC_WARN_ABOUT_RETURN_TYPE = YES_ERROR;
				GCC_WARN_UNDECLARED_SELECTOR = YES;
				GCC_WARN_UNINITIALIZED_AUTOS = YES_AGGRESSIVE;
				GCC_WARN_UNUSED_FUNCTION = YES;
				GCC_WARN_UNUSED_VARIABLE = YES;
				IPHONEOS_DEPLOYMENT_TARGET = 17.4;
				LOCALIZATION_PREFERS_STRING_CATALOGS = YES;
				MTL_ENABLE_DEBUG_INFO = NO;
				MTL_FAST_MATH = YES;
				SDKROOT = iphoneos;
				SWIFT_COMPILATION_MODE = wholemodule;
				VALIDATE_PRODUCT = YES;
			};
			name = Release;
		};
		62816E0B2BB9A7C400D51B84 /* Debug */ = {
			isa = XCBuildConfiguration;
			buildSettings = {
				ASSETCATALOG_COMPILER_APPICON_NAME = AppIcon;
				ASSETCATALOG_COMPILER_GLOBAL_ACCENT_COLOR_NAME = AccentColor;
				CODE_SIGN_STYLE = Automatic;
				CURRENT_PROJECT_VERSION = 1;
				DEVELOPMENT_TEAM = MZTYS99T33;
				GENERATE_INFOPLIST_FILE = YES;
				INFOPLIST_FILE = "Climate Cow/Info.plist";
				INFOPLIST_KEY_UIApplicationSupportsIndirectInputEvents = YES;
				INFOPLIST_KEY_UILaunchStoryboardName = LaunchScreen;
				INFOPLIST_KEY_UIMainStoryboardFile = Main;
				INFOPLIST_KEY_UISupportedInterfaceOrientations_iPad = "UIInterfaceOrientationPortrait UIInterfaceOrientationPortraitUpsideDown UIInterfaceOrientationLandscapeLeft UIInterfaceOrientationLandscapeRight";
				INFOPLIST_KEY_UISupportedInterfaceOrientations_iPhone = "UIInterfaceOrientationPortrait UIInterfaceOrientationLandscapeLeft UIInterfaceOrientationLandscapeRight";
				LD_RUNPATH_SEARCH_PATHS = (
					"$(inherited)",
					"@executable_path/Frameworks",
				);
				MARKETING_VERSION = 1.0;
				PRODUCT_BUNDLE_IDENTIFIER = "com.dv.Climate-Cow";
				PRODUCT_NAME = "$(TARGET_NAME)";
				SWIFT_EMIT_LOC_STRINGS = YES;
				SWIFT_VERSION = 5.0;
				TARGETED_DEVICE_FAMILY = "1,2";
			};
			name = Debug;
		};
		62816E0C2BB9A7C400D51B84 /* Release */ = {
			isa = XCBuildConfiguration;
			buildSettings = {
				ASSETCATALOG_COMPILER_APPICON_NAME = AppIcon;
				ASSETCATALOG_COMPILER_GLOBAL_ACCENT_COLOR_NAME = AccentColor;
				CODE_SIGN_STYLE = Automatic;
				CURRENT_PROJECT_VERSION = 1;
				DEVELOPMENT_TEAM = MZTYS99T33;
				GENERATE_INFOPLIST_FILE = YES;
				INFOPLIST_FILE = "Climate Cow/Info.plist";
				INFOPLIST_KEY_UIApplicationSupportsIndirectInputEvents = YES;
				INFOPLIST_KEY_UILaunchStoryboardName = LaunchScreen;
				INFOPLIST_KEY_UIMainStoryboardFile = Main;
				INFOPLIST_KEY_UISupportedInterfaceOrientations_iPad = "UIInterfaceOrientationPortrait UIInterfaceOrientationPortraitUpsideDown UIInterfaceOrientationLandscapeLeft UIInterfaceOrientationLandscapeRight";
				INFOPLIST_KEY_UISupportedInterfaceOrientations_iPhone = "UIInterfaceOrientationPortrait UIInterfaceOrientationLandscapeLeft UIInterfaceOrientationLandscapeRight";
				LD_RUNPATH_SEARCH_PATHS = (
					"$(inherited)",
					"@executable_path/Frameworks",
				);
				MARKETING_VERSION = 1.0;
				PRODUCT_BUNDLE_IDENTIFIER = "com.dv.Climate-Cow";
				PRODUCT_NAME = "$(TARGET_NAME)";
				SWIFT_EMIT_LOC_STRINGS = YES;
				SWIFT_VERSION = 5.0;
				TARGETED_DEVICE_FAMILY = "1,2";
			};
			name = Release;
		};
		62816E0E2BB9A7C400D51B84 /* Debug */ = {
			isa = XCBuildConfiguration;
			buildSettings = {
				ALWAYS_EMBED_SWIFT_STANDARD_LIBRARIES = YES;
				BUNDLE_LOADER = "$(TEST_HOST)";
				CODE_SIGN_STYLE = Automatic;
				CURRENT_PROJECT_VERSION = 1;
				DEVELOPMENT_TEAM = MZTYS99T33;
				GENERATE_INFOPLIST_FILE = YES;
				IPHONEOS_DEPLOYMENT_TARGET = 17.4;
				MARKETING_VERSION = 1.0;
				PRODUCT_BUNDLE_IDENTIFIER = "com.dv.Climate-CowTests";
				PRODUCT_NAME = "$(TARGET_NAME)";
				SWIFT_EMIT_LOC_STRINGS = NO;
				SWIFT_VERSION = 5.0;
				TARGETED_DEVICE_FAMILY = "1,2";
				TEST_HOST = "$(BUILT_PRODUCTS_DIR)/Climate Cow.app/$(BUNDLE_EXECUTABLE_FOLDER_PATH)/Climate Cow";
			};
			name = Debug;
		};
		62816E0F2BB9A7C400D51B84 /* Release */ = {
			isa = XCBuildConfiguration;
			buildSettings = {
				ALWAYS_EMBED_SWIFT_STANDARD_LIBRARIES = YES;
				BUNDLE_LOADER = "$(TEST_HOST)";
				CODE_SIGN_STYLE = Automatic;
				CURRENT_PROJECT_VERSION = 1;
				DEVELOPMENT_TEAM = MZTYS99T33;
				GENERATE_INFOPLIST_FILE = YES;
				IPHONEOS_DEPLOYMENT_TARGET = 17.4;
				MARKETING_VERSION = 1.0;
				PRODUCT_BUNDLE_IDENTIFIER = "com.dv.Climate-CowTests";
				PRODUCT_NAME = "$(TARGET_NAME)";
				SWIFT_EMIT_LOC_STRINGS = NO;
				SWIFT_VERSION = 5.0;
				TARGETED_DEVICE_FAMILY = "1,2";
				TEST_HOST = "$(BUILT_PRODUCTS_DIR)/Climate Cow.app/$(BUNDLE_EXECUTABLE_FOLDER_PATH)/Climate Cow";
			};
			name = Release;
		};
		62816E112BB9A7C400D51B84 /* Debug */ = {
			isa = XCBuildConfiguration;
			buildSettings = {
				ALWAYS_EMBED_SWIFT_STANDARD_LIBRARIES = YES;
				CODE_SIGN_STYLE = Automatic;
				CURRENT_PROJECT_VERSION = 1;
				DEVELOPMENT_TEAM = MZTYS99T33;
				GENERATE_INFOPLIST_FILE = YES;
				MARKETING_VERSION = 1.0;
				PRODUCT_BUNDLE_IDENTIFIER = "com.dv.Climate-CowUITests";
				PRODUCT_NAME = "$(TARGET_NAME)";
				SWIFT_EMIT_LOC_STRINGS = NO;
				SWIFT_VERSION = 5.0;
				TARGETED_DEVICE_FAMILY = "1,2";
				TEST_TARGET_NAME = "Climate Cow";
			};
			name = Debug;
		};
		62816E122BB9A7C400D51B84 /* Release */ = {
			isa = XCBuildConfiguration;
			buildSettings = {
				ALWAYS_EMBED_SWIFT_STANDARD_LIBRARIES = YES;
				CODE_SIGN_STYLE = Automatic;
				CURRENT_PROJECT_VERSION = 1;
				DEVELOPMENT_TEAM = MZTYS99T33;
				GENERATE_INFOPLIST_FILE = YES;
				MARKETING_VERSION = 1.0;
				PRODUCT_BUNDLE_IDENTIFIER = "com.dv.Climate-CowUITests";
				PRODUCT_NAME = "$(TARGET_NAME)";
				SWIFT_EMIT_LOC_STRINGS = NO;
				SWIFT_VERSION = 5.0;
				TARGETED_DEVICE_FAMILY = "1,2";
				TEST_TARGET_NAME = "Climate Cow";
			};
			name = Release;
		};
/* End XCBuildConfiguration section */

/* Begin XCConfigurationList section */
		62816DD82BB9A7C200D51B84 /* Build configuration list for PBXProject "Climate Cow" */ = {
			isa = XCConfigurationList;
			buildConfigurations = (
				62816E082BB9A7C400D51B84 /* Debug */,
				62816E092BB9A7C400D51B84 /* Release */,
			);
			defaultConfigurationIsVisible = 0;
			defaultConfigurationName = Release;
		};
		62816E0A2BB9A7C400D51B84 /* Build configuration list for PBXNativeTarget "Climate Cow" */ = {
			isa = XCConfigurationList;
			buildConfigurations = (
				62816E0B2BB9A7C400D51B84 /* Debug */,
				62816E0C2BB9A7C400D51B84 /* Release */,
			);
			defaultConfigurationIsVisible = 0;
			defaultConfigurationName = Release;
		};
		62816E0D2BB9A7C400D51B84 /* Build configuration list for PBXNativeTarget "Climate CowTests" */ = {
			isa = XCConfigurationList;
			buildConfigurations = (
				62816E0E2BB9A7C400D51B84 /* Debug */,
				62816E0F2BB9A7C400D51B84 /* Release */,
			);
			defaultConfigurationIsVisible = 0;
			defaultConfigurationName = Release;
		};
		62816E102BB9A7C400D51B84 /* Build configuration list for PBXNativeTarget "Climate CowUITests" */ = {
			isa = XCConfigurationList;
			buildConfigurations = (
				62816E112BB9A7C400D51B84 /* Debug */,
				62816E122BB9A7C400D51B84 /* Release */,
			);
			defaultConfigurationIsVisible = 0;
			defaultConfigurationName = Release;
		};
/* End XCConfigurationList section */

/* Begin XCVersionGroup section */
		62816DE92BB9A7C200D51B84 /* Climate_Cow.xcdatamodeld */ = {
			isa = XCVersionGroup;
			children = (
				62816DEA2BB9A7C200D51B84 /* Climate_Cow.xcdatamodel */,
			);
			currentVersion = 62816DEA2BB9A7C200D51B84 /* Climate_Cow.xcdatamodel */;
			path = Climate_Cow.xcdatamodeld;
			sourceTree = "<group>";
			versionGroupType = wrapper.xcdatamodel;
		};
/* End XCVersionGroup section */
	};
	rootObject = 62816DD52BB9A7C200D51B84 /* Project object */;
}
